
Microsoft Visual Studio Solution File, Format Version 12.00
# Visual Studio Version 16
VisualStudioVersion = 16.0.32126.315
MinimumVisualStudioVersion = 10.0.40219.1
Project("{8BC9CEB8-8B4A-11D0-8D11-00A0C91BC942}") = "OperationMatrices", "OperationMatrices\OperationMatrices.vcxproj", "{9CA620AF-3F76-4E84-B370-BA444C1A5EF8}"
EndProject
Global
	GlobalSection(SolutionConfigurationPlatforms) = preSolution
		Debug|x64 = Debug|x64
		Debug|x86 = Debug|x86
		Release|x64 = Release|x64
		Release|x86 = Release|x86
	EndGlobalSection
	GlobalSection(ProjectConfigurationPlatforms) = postSolution
		{9CA620AF-3F76-4E84-B370-BA444C1A5EF8}.Debug|x64.ActiveCfg = Debug|x64
		{9CA620AF-3F76-4E84-B370-BA444C1A5EF8}.Debug|x64.Build.0 = Debug|x64
		{9CA620AF-3F76-4E84-B370-BA444C1A5EF8}.Debug|x86.ActiveCfg = Debug|Win32
		{9CA620AF-3F76-4E84-B370-BA444C1A5EF8}.Debug|x86.Build.0 = Debug|Win32
		{9CA620AF-3F76-4E84-B370-BA444C1A5EF8}.Release|x64.ActiveCfg = Release|x64
		{9CA620AF-3F76-4E84-B370-BA444C1A5EF8}.Release|x64.Build.0 = Release|x64
		{9CA620AF-3F76-4E84-B370-BA444C1A5EF8}.Release|x86.ActiveCfg = Release|Win32
		{9CA620AF-3F76-4E84-B370-BA444C1A5EF8}.Release|x86.Build.0 = Release|Win32
	EndGlobalSection
	GlobalSection(SolutionProperties) = preSolution
		HideSolutionNode = FALSE
	EndGlobalSection
	GlobalSection(ExtensibilityGlobals) = postSolution
		SolutionGuid = {437F76D2-FDAD-43A7-9D69-FBDC35E8C4AA}
	EndGlobalSection
EndGlobal
